<?xml version="1.0" encoding="utf-8"?>
<Project ToolsVersion="4.0" xmlns="http://schemas.microsoft.com/developer/msbuild/2003">
  <ItemGroup>
    <Filter Include="Source Files">
      <UniqueIdentifier>{4FC737F1-C7A5-4376-A066-2A32D752A2FF}</UniqueIdentifier>
      <Extensions>cpp;c;cc;cxx;def;odl;idl;hpj;bat;asm;asmx</Extensions>
    </Filter>
    <Filter Include="Header Files">
      <UniqueIdentifier>{93995380-89BD-4b04-88EB-625FBE52EBFB}</UniqueIdentifier>
      <Extensions>h;hh;hpp;hxx;hm;inl;inc;xsd</Extensions>
    </Filter>
    <Filter Include="Resource Files">
      <UniqueIdentifier>{67DA6AB6-F800-4c08-8B7A-83BB121AAD01}</UniqueIdentifier>
      <Extensions>rc;ico;cur;bmp;dlg;rc2;rct;bin;rgs;gif;jpg;jpeg;jpe;resx;tiff;tif;png;wav;mfcribbon-ms</Extensions>
    </Filter>
  </ItemGroup>
  <ItemGroup>
    <Text Include="ReadMe.txt" />
  </ItemGroup>
  <ItemGroup>
    <ClInclude Include="auto_distances.h">
      <Filter>Header Files</Filter>
    </ClInclude>
    <ClInclude Include="bound_tracker.h">
      <Filter>Header Files</Filter>
    </ClInclude>
    <ClInclude Include="checked_array.h">
      <Filter>Header Files</Filter>
    </ClInclude>
    <ClInclude Include="countdown_timer.h">
      <Filter>Header Files</Filter>
    </ClInclude>
    <ClInclude Include="countup_timer.h">
      <Filter>Header Files</Filter>
    </ClInclude>
    <ClInclude Include="debounce.h">
      <Filter>Header Files</Filter>
    </ClInclude>
    <ClInclude Include="driver_station_interface.h">
      <Filter>Header Files</Filter>
    </ClInclude>
    <ClInclude Include="fixVictor.h">
      <Filter>Header Files</Filter>
    </ClInclude>
    <ClInclude Include="input.h">
      <Filter>Header Files</Filter>
    </ClInclude>
    <ClInclude Include="interface.h">
      <Filter>Header Files</Filter>
    </ClInclude>
    <ClInclude Include="maybe.h">
      <Filter>Header Files</Filter>
    </ClInclude>
    <ClInclude Include="maybe_inline.h">
      <Filter>Header Files</Filter>
    </ClInclude>
    <ClInclude Include="meta.h">
      <Filter>Header Files</Filter>
    </ClInclude>
    <ClInclude Include="motion_profile.h">
      <Filter>Header Files</Filter>
    </ClInclude>
    <ClInclude Include="negedge_trigger.h">
      <Filter>Header Files</Filter>
    </ClInclude>
    <ClInclude Include="network.h">
      <Filter>Header Files</Filter>
    </ClInclude>
    <ClInclude Include="output.h">
      <Filter>Header Files</Filter>
    </ClInclude>
    <ClInclude Include="perf_tracker.h">
      <Filter>Header Files</Filter>
    </ClInclude>
    <ClInclude Include="point.h">
      <Filter>Header Files</Filter>
    </ClInclude>
    <ClInclude Include="posedge_toggle.h">
      <Filter>Header Files</Filter>
    </ClInclude>
    <ClInclude Include="posedge_trigger.h">
      <Filter>Header Files</Filter>
    </ClInclude>
    <ClInclude Include="posedge_trigger_debounce.h">
      <Filter>Header Files</Filter>
    </ClInclude>
    <ClInclude Include="quick.h">
      <Filter>Header Files</Filter>
    </ClInclude>
    <ClInclude Include="settable_toggle.h">
      <Filter>Header Files</Filter>
    </ClInclude>
    <ClInclude Include="speed_tracker.h">
      <Filter>Header Files</Filter>
    </ClInclude>
    <ClInclude Include="stall_monitor.h">
      <Filter>Header Files</Filter>
    </ClInclude>
    <ClInclude Include="string_utils.h">
      <Filter>Header Files</Filter>
    </ClInclude>
    <ClInclude Include="type.h">
      <Filter>Header Files</Filter>
    </ClInclude>
    <ClInclude Include="util.h">
      <Filter>Header Files</Filter>
    </ClInclude>
    <ClInclude Include="visitable.h">
      <Filter>Header Files</Filter>
    </ClInclude>
  </ItemGroup>
  <ItemGroup>
    <ClCompile Include="auto_distances.cpp">
      <Filter>Source Files</Filter>
    </ClCompile>
    <ClCompile Include="bound_tracker.cpp">
      <Filter>Source Files</Filter>
    </ClCompile>
    <ClCompile Include="countdown_timer.cpp">
      <Filter>Source Files</Filter>
    </ClCompile>
    <ClCompile Include="countup_timer.cpp">
      <Filter>Source Files</Filter>
    </ClCompile>
    <ClCompile Include="debounce.cpp">
      <Filter>Source Files</Filter>
    </ClCompile>
    <ClCompile Include="driver_station_interface.cpp">
      <Filter>Source Files</Filter>
    </ClCompile>
    <ClCompile Include="fixVictor.cpp">
      <Filter>Source Files</Filter>
    </ClCompile>
    <ClCompile Include="input.cpp">
      <Filter>Source Files</Filter>
    </ClCompile>
    <ClCompile Include="interface.cpp">
      <Filter>Source Files</Filter>
    </ClCompile>
    <ClCompile Include="meta.cpp">
      <Filter>Source Files</Filter>
    </ClCompile>
    <ClCompile Include="motion_profile.cpp">
      <Filter>Source Files</Filter>
    </ClCompile>
    <ClCompile Include="negedge_trigger.cpp">
      <Filter>Source Files</Filter>
    </ClCompile>
    <ClCompile Include="network.cpp">
      <Filter>Source Files</Filter>
    </ClCompile>
    <ClCompile Include="output.cpp">
      <Filter>Source Files</Filter>
    </ClCompile>
    <ClCompile Include="perf_tracker.cpp">
      <Filter>Source Files</Filter>
    </ClCompile>
    <ClCompile Include="point.cpp">
      <Filter>Source Files</Filter>
    </ClCompile>
    <ClCompile Include="posedge_toggle.cpp">
      <Filter>Source Files</Filter>
    </ClCompile>
    <ClCompile Include="posedge_trigger.cpp">
      <Filter>Source Files</Filter>
    </ClCompile>
    <ClCompile Include="posedge_trigger_debounce.cpp">
      <Filter>Source Files</Filter>
    </ClCompile>
    <ClCompile Include="settable_toggle.cpp">
      <Filter>Source Files</Filter>
    </ClCompile>
    <ClCompile Include="speed_tracker.cpp">
      <Filter>Source Files</Filter>
    </ClCompile>
    <ClCompile Include="stall_monitor.cpp">
      <Filter>Source Files</Filter>
    </ClCompile>
    <ClCompile Include="string_utils.cpp">
      <Filter>Source Files</Filter>
    </ClCompile>
    <ClCompile Include="type.cpp">
      <Filter>Source Files</Filter>
    </ClCompile>
    <ClCompile Include="util.cpp">
      <Filter>Source Files</Filter>
    </ClCompile>
    <ClCompile Include="visitable.cpp">
      <Filter>Source Files</Filter>
    </ClCompile>
  </ItemGroup>
</Project>