<?xml version="1.0" encoding="utf-8"?>
<Project ToolsVersion="4.0" xmlns="http://schemas.microsoft.com/developer/msbuild/2003">
  <ItemGroup>
    <Filter Include="Source Files">
      <UniqueIdentifier>{4FC737F1-C7A5-4376-A066-2A32D752A2FF}</UniqueIdentifier>
      <Extensions>cpp;c;cc;cxx;def;odl;idl;hpj;bat;asm;asmx</Extensions>
    </Filter>
    <Filter Include="Header Files">
      <UniqueIdentifier>{93995380-89BD-4b04-88EB-625FBE52EBFB}</UniqueIdentifier>
      <Extensions>h;hh;hpp;hxx;hm;inl;inc;xsd</Extensions>
    </Filter>
    <Filter Include="Resource Files">
      <UniqueIdentifier>{67DA6AB6-F800-4c08-8B7A-83BB121AAD01}</UniqueIdentifier>
      <Extensions>rc;ico;cur;bmp;dlg;rc2;rct;bin;rgs;gif;jpg;jpeg;jpe;resx;tiff;tif;png;wav;mfcribbon-ms</Extensions>
    </Filter>
  </ItemGroup>
  <ItemGroup>
    <ClInclude Include="climber.h">
      <Filter>Header Files</Filter>
    </ClInclude>
    <ClInclude Include="drivebase.h">
      <Filter>Header Files</Filter>
    </ClInclude>
    <ClInclude Include="force.h">
      <Filter>Header Files</Filter>
    </ClInclude>
    <ClInclude Include="force_interface.h">
      <Filter>Header Files</Filter>
    </ClInclude>
    <ClInclude Include="formal.h">
      <Filter>Header Files</Filter>
    </ClInclude>
    <ClInclude Include="gear_collector.h">
      <Filter>Header Files</Filter>
    </ClInclude>
    <ClInclude Include="gear_grabber.h">
      <Filter>Header Files</Filter>
    </ClInclude>
    <ClInclude Include="gear_lifter.h">
      <Filter>Header Files</Filter>
    </ClInclude>
    <ClInclude Include="gear_shifter.h">
      <Filter>Header Files</Filter>
    </ClInclude>
    <ClInclude Include="lights.h">
      <Filter>Header Files</Filter>
    </ClInclude>
    <ClInclude Include="log.h">
      <Filter>Header Files</Filter>
    </ClInclude>
    <ClInclude Include="main.h">
      <Filter>Header Files</Filter>
    </ClInclude>
    <ClInclude Include="monitor.h">
      <Filter>Header Files</Filter>
    </ClInclude>
    <ClInclude Include="motor_check.h">
      <Filter>Header Files</Filter>
    </ClInclude>
    <ClInclude Include="nop.h">
      <Filter>Header Files</Filter>
    </ClInclude>
    <ClInclude Include="pump.h">
      <Filter>Header Files</Filter>
    </ClInclude>
    <ClInclude Include="roller.h">
      <Filter>Header Files</Filter>
    </ClInclude>
    <ClInclude Include="roller_arm.h">
      <Filter>Header Files</Filter>
    </ClInclude>
    <ClInclude Include="shooter.h">
      <Filter>Header Files</Filter>
    </ClInclude>
    <ClInclude Include="toplevel.h">
      <Filter>Header Files</Filter>
    </ClInclude>
  </ItemGroup>
  <ItemGroup>
    <ClCompile Include="climber.cpp">
      <Filter>Source Files</Filter>
    </ClCompile>
    <ClCompile Include="drivebase.cpp">
      <Filter>Source Files</Filter>
    </ClCompile>
    <ClCompile Include="force.cpp">
      <Filter>Source Files</Filter>
    </ClCompile>
    <ClCompile Include="force_interface.cpp">
      <Filter>Source Files</Filter>
    </ClCompile>
    <ClCompile Include="gear_collector.cpp">
      <Filter>Source Files</Filter>
    </ClCompile>
    <ClCompile Include="gear_grabber.cpp">
      <Filter>Source Files</Filter>
    </ClCompile>
    <ClCompile Include="gear_lifter.cpp">
      <Filter>Source Files</Filter>
    </ClCompile>
    <ClCompile Include="gear_shifter.cpp">
      <Filter>Source Files</Filter>
    </ClCompile>
    <ClCompile Include="lights.cpp">
      <Filter>Source Files</Filter>
    </ClCompile>
    <ClCompile Include="log.cpp">
      <Filter>Source Files</Filter>
    </ClCompile>
    <ClCompile Include="main.cpp">
      <Filter>Source Files</Filter>
    </ClCompile>
    <ClCompile Include="monitor.cpp">
      <Filter>Source Files</Filter>
    </ClCompile>
    <ClCompile Include="motor_check.cpp">
      <Filter>Source Files</Filter>
    </ClCompile>
    <ClCompile Include="nop.cpp">
      <Filter>Source Files</Filter>
    </ClCompile>
    <ClCompile Include="pump.cpp">
      <Filter>Source Files</Filter>
    </ClCompile>
    <ClCompile Include="roller.cpp">
      <Filter>Source Files</Filter>
    </ClCompile>
    <ClCompile Include="roller_arm.cpp">
      <Filter>Source Files</Filter>
    </ClCompile>
    <ClCompile Include="shooter.cpp">
      <Filter>Source Files</Filter>
    </ClCompile>
    <ClCompile Include="sim.cpp">
      <Filter>Source Files</Filter>
    </ClCompile>
    <ClCompile Include="toplevel.cpp">
      <Filter>Source Files</Filter>
    </ClCompile>
  </ItemGroup>
</Project>